
Microsoft Visual Studio Solution File, Format Version 12.00
# Visual Studio Version 17
VisualStudioVersion = 17.8.34330.188
MinimumVisualStudioVersion = 10.0.40219.1
Project("{FAE04EC0-301F-11D3-BF4B-00C04F79EFBC}") = "Amarok.WebApp.Server", "Amarok.WebApp\Amarok.WebApp\Amarok.WebApp.Server.csproj", "{D3ED643E-B7D7-4CB9-8C91-C9FEE657839A}"
EndProject
Project("{FAE04EC0-301F-11D3-BF4B-00C04F79EFBC}") = "Amarok.WebApp.Client", "Amarok.WebApp\Amarok.WebApp.Client\Amarok.WebApp.Client.csproj", "{B144911D-EA89-411C-8240-3BB28012BF6A}"
EndProject
Project("{FAE04EC0-301F-11D3-BF4B-00C04F79EFBC}") = "Amarok.DiscordService", "Amarok.DiscordService\Amarok.DiscordService.csproj", "{0EC7C7FA-0BC5-470F-BA20-8526802E40D1}"
EndProject
Global
	GlobalSection(SolutionConfigurationPlatforms) = preSolution
		Debug|Any CPU = Debug|Any CPU
		Release|Any CPU = Release|Any CPU
	EndGlobalSection
	GlobalSection(ProjectConfigurationPlatforms) = postSolution
		{D3ED643E-B7D7-4CB9-8C91-C9FEE657839A}.Debug|Any CPU.ActiveCfg = Debug|Any CPU
		{D3ED643E-B7D7-4CB9-8C91-C9FEE657839A}.Debug|Any CPU.Build.0 = Debug|Any CPU
		{D3ED643E-B7D7-4CB9-8C91-C9FEE657839A}.Release|Any CPU.ActiveCfg = Release|Any CPU
		{D3ED643E-B7D7-4CB9-8C91-C9FEE657839A}.Release|Any CPU.Build.0 = Release|Any CPU
		{B144911D-EA89-411C-8240-3BB28012BF6A}.Debug|Any CPU.ActiveCfg = Debug|Any CPU
		{B144911D-EA89-411C-8240-3BB28012BF6A}.Debug|Any CPU.Build.0 = Debug|Any CPU
		{B144911D-EA89-411C-8240-3BB28012BF6A}.Release|Any CPU.ActiveCfg = Release|Any CPU
		{B144911D-EA89-411C-8240-3BB28012BF6A}.Release|Any CPU.Build.0 = Release|Any CPU
		{0EC7C7FA-0BC5-470F-BA20-8526802E40D1}.Debug|Any CPU.ActiveCfg = Debug|Any CPU
		{0EC7C7FA-0BC5-470F-BA20-8526802E40D1}.Debug|Any CPU.Build.0 = Debug|Any CPU
		{0EC7C7FA-0BC5-470F-BA20-8526802E40D1}.Release|Any CPU.ActiveCfg = Release|Any CPU
		{0EC7C7FA-0BC5-470F-BA20-8526802E40D1}.Release|Any CPU.Build.0 = Release|Any CPU
	EndGlobalSection
	GlobalSection(SolutionProperties) = preSolution
		HideSolutionNode = FALSE
	EndGlobalSection
	GlobalSection(ExtensibilityGlobals) = postSolution
		SolutionGuid = {0CDD1289-EFD7-481F-8FC9-8E85C161BC27}
	EndGlobalSection
EndGlobal
